
Microsoft Visual Studio Solution File, Format Version 12.00
# Visual Studio 15
VisualStudioVersion = 15.0.28307.168
MinimumVisualStudioVersion = 10.0.40219.1
Project("{FAE04EC0-301F-11D3-BF4B-00C04F79EFBC}") = "MainWaitress", "MainWaitress\MainWaitress.csproj", "{97587E5D-DE69-451A-8D5F-F8B5151C79F9}"
EndProject
Global
	GlobalSection(SolutionConfigurationPlatforms) = preSolution
		Debug|Any CPU = Debug|Any CPU
		Release|Any CPU = Release|Any CPU
	EndGlobalSection
	GlobalSection(ProjectConfigurationPlatforms) = postSolution
		{97587E5D-DE69-451A-8D5F-F8B5151C79F9}.Debug|Any CPU.ActiveCfg = Debug|Any CPU
		{97587E5D-DE69-451A-8D5F-F8B5151C79F9}.Debug|Any CPU.Build.0 = Debug|Any CPU
		{97587E5D-DE69-451A-8D5F-F8B5151C79F9}.Release|Any CPU.ActiveCfg = Release|Any CPU
		{97587E5D-DE69-451A-8D5F-F8B5151C79F9}.Release|Any CPU.Build.0 = Release|Any CPU
	EndGlobalSection
	GlobalSection(SolutionProperties) = preSolution
		HideSolutionNode = FALSE
	EndGlobalSection
	GlobalSection(ExtensibilityGlobals) = postSolution
		SolutionGuid = {6D14F142-294B-490F-81FF-A480FE70C04F}
	EndGlobalSection
EndGlobal
